// !$*UTF8*$!
{
	archiveVersion = 1;
	classes = {
	};
	objectVersion = 77;
	objects = {

/* Begin PBXBuildFile section */
		32AC64082D19803900ECFD8C /* myheadhurtswatch Watch App.app in Embed Watch Content */ = {isa = PBXBuildFile; fileRef = 32AC63FA2D19803800ECFD8C /* myheadhurtswatch Watch App.app */; settings = {ATTRIBUTES = (RemoveHeadersOnCopy, ); }; };
		32FB86CB2D15C46F00A624DE /* WidgetKit.framework in Frameworks */ = {isa = PBXBuildFile; fileRef = 32FB86CA2D15C46F00A624DE /* WidgetKit.framework */; };
		32FB86CD2D15C46F00A624DE /* SwiftUI.framework in Frameworks */ = {isa = PBXBuildFile; fileRef = 32FB86CC2D15C46F00A624DE /* SwiftUI.framework */; };
		32FB86DC2D15C47100A624DE /* EntryRecordingExtension.appex in Embed Foundation Extensions */ = {isa = PBXBuildFile; fileRef = 32FB86C82D15C46F00A624DE /* EntryRecordingExtension.appex */; settings = {ATTRIBUTES = (RemoveHeadersOnCopy, ); }; };
/* End PBXBuildFile section */

/* Begin PBXContainerItemProxy section */
		32AC64052D19803900ECFD8C /* PBXContainerItemProxy */ = {
			isa = PBXContainerItemProxy;
			containerPortal = 32FB86882D12755800A624DE /* Project object */;
			proxyType = 1;
			remoteGlobalIDString = 32AC63F92D19803800ECFD8C;
			remoteInfo = "myheadhurtswatch Watch App";
		};
		32FB86DA2D15C47100A624DE /* PBXContainerItemProxy */ = {
			isa = PBXContainerItemProxy;
			containerPortal = 32FB86882D12755800A624DE /* Project object */;
			proxyType = 1;
			remoteGlobalIDString = 32FB86C72D15C46F00A624DE;
			remoteInfo = EntryRecordingExtension;
		};
/* End PBXContainerItemProxy section */

/* Begin PBXCopyFilesBuildPhase section */
		32AC64072D19803900ECFD8C /* Embed Watch Content */ = {
			isa = PBXCopyFilesBuildPhase;
			buildActionMask = 2147483647;
			dstPath = "$(CONTENTS_FOLDER_PATH)/Watch";
			dstSubfolderSpec = 16;
			files = (
				32AC64082D19803900ECFD8C /* myheadhurtswatch Watch App.app in Embed Watch Content */,
			);
			name = "Embed Watch Content";
			runOnlyForDeploymentPostprocessing = 0;
		};
		32FB86E12D15C47100A624DE /* Embed Foundation Extensions */ = {
			isa = PBXCopyFilesBuildPhase;
			buildActionMask = 2147483647;
			dstPath = "";
			dstSubfolderSpec = 13;
			files = (
				32FB86DC2D15C47100A624DE /* EntryRecordingExtension.appex in Embed Foundation Extensions */,
			);
			name = "Embed Foundation Extensions";
			runOnlyForDeploymentPostprocessing = 0;
		};
/* End PBXCopyFilesBuildPhase section */

/* Begin PBXFileReference section */
		32AC63942D17E52D00ECFD8C /* EntryRecordingExtension.entitlements */ = {isa = PBXFileReference; lastKnownFileType = text.plist.entitlements; path = EntryRecordingExtension.entitlements; sourceTree = "<group>"; };
		32AC63FA2D19803800ECFD8C /* myheadhurtswatch Watch App.app */ = {isa = PBXFileReference; explicitFileType = wrapper.application; includeInIndex = 0; path = "myheadhurtswatch Watch App.app"; sourceTree = BUILT_PRODUCTS_DIR; };
		32FB86902D12755800A624DE /* myheadhurts.app */ = {isa = PBXFileReference; explicitFileType = wrapper.application; includeInIndex = 0; path = myheadhurts.app; sourceTree = BUILT_PRODUCTS_DIR; };
		32FB86C82D15C46F00A624DE /* EntryRecordingExtension.appex */ = {isa = PBXFileReference; explicitFileType = "wrapper.app-extension"; includeInIndex = 0; path = EntryRecordingExtension.appex; sourceTree = BUILT_PRODUCTS_DIR; };
		32FB86CA2D15C46F00A624DE /* WidgetKit.framework */ = {isa = PBXFileReference; lastKnownFileType = wrapper.framework; name = WidgetKit.framework; path = System/Library/Frameworks/WidgetKit.framework; sourceTree = SDKROOT; };
		32FB86CC2D15C46F00A624DE /* SwiftUI.framework */ = {isa = PBXFileReference; lastKnownFileType = wrapper.framework; name = SwiftUI.framework; path = System/Library/Frameworks/SwiftUI.framework; sourceTree = SDKROOT; };
/* End PBXFileReference section */

/* Begin PBXFileSystemSynchronizedBuildFileExceptionSet section */
		32AC640D2D19807C00ECFD8C /* Exceptions for "myheadhurts" folder in "myheadhurtswatch Watch App" target */ = {
			isa = PBXFileSystemSynchronizedBuildFileExceptionSet;
			membershipExceptions = (
				"Data & State/Headache.swift",
				"Data & State/ViewModel.swift",
				"Data & State/ViewModel+HealthKit.swift",
				"Helpers/Date+Helpers.swift",
				"Helpers/HealthKit+Helpers.swift",
				Views/HeadacheListSectionView.swift,
				Views/HeadacheListView.swift,
			);
			target = 32AC63F92D19803800ECFD8C /* myheadhurtswatch Watch App */;
		};
		32FB86DD2D15C47100A624DE /* Exceptions for "EntryRecording" folder in "EntryRecordingExtension" target */ = {
			isa = PBXFileSystemSynchronizedBuildFileExceptionSet;
			membershipExceptions = (
				Info.plist,
			);
			target = 32FB86C72D15C46F00A624DE /* EntryRecordingExtension */;
		};
		32FB86E72D15CAAF00A624DE /* Exceptions for "myheadhurts" folder in "myheadhurts" target */ = {
			isa = PBXFileSystemSynchronizedBuildFileExceptionSet;
			membershipExceptions = (
				Info.plist,
			);
			target = 32FB868F2D12755800A624DE /* myheadhurts */;
		};
		32FB86EB2D15CCD000A624DE /* Exceptions for "EntryRecording" folder in "myheadhurts" target */ = {
			isa = PBXFileSystemSynchronizedBuildFileExceptionSet;
			membershipExceptions = (
				LogEntryIntent.swift,
			);
			target = 32FB868F2D12755800A624DE /* myheadhurts */;
		};
		32FB86F72D16A50700A624DE /* Exceptions for "myheadhurts" folder in "EntryRecordingExtension" target */ = {
			isa = PBXFileSystemSynchronizedBuildFileExceptionSet;
			membershipExceptions = (
				"Data & State/Headache.swift",
				"Data & State/ViewModel.swift",
				"Helpers/Date+Helpers.swift",
			);
			target = 32FB86C72D15C46F00A624DE /* EntryRecordingExtension */;
		};
/* End PBXFileSystemSynchronizedBuildFileExceptionSet section */

/* Begin PBXFileSystemSynchronizedRootGroup section */
		32AC63FB2D19803800ECFD8C /* myheadhurtswatch Watch App */ = {
			isa = PBXFileSystemSynchronizedRootGroup;
			path = "myheadhurtswatch Watch App";
			sourceTree = "<group>";
		};
		32FB86922D12755800A624DE /* myheadhurts */ = {
			isa = PBXFileSystemSynchronizedRootGroup;
			exceptions = (
				32FB86E72D15CAAF00A624DE /* Exceptions for "myheadhurts" folder in "myheadhurts" target */,
				32FB86F72D16A50700A624DE /* Exceptions for "myheadhurts" folder in "EntryRecordingExtension" target */,
				32AC640D2D19807C00ECFD8C /* Exceptions for "myheadhurts" folder in "myheadhurtswatch Watch App" target */,
			);
			path = myheadhurts;
			sourceTree = "<group>";
		};
		32FB86CE2D15C46F00A624DE /* EntryRecording */ = {
			isa = PBXFileSystemSynchronizedRootGroup;
			exceptions = (
				32FB86EB2D15CCD000A624DE /* Exceptions for "EntryRecording" folder in "myheadhurts" target */,
				32FB86DD2D15C47100A624DE /* Exceptions for "EntryRecording" folder in "EntryRecordingExtension" target */,
			);
			path = EntryRecording;
			sourceTree = "<group>";
		};
/* End PBXFileSystemSynchronizedRootGroup section */

/* Begin PBXFrameworksBuildPhase section */
		32AC63F72D19803800ECFD8C /* Frameworks */ = {
			isa = PBXFrameworksBuildPhase;
			buildActionMask = 2147483647;
			files = (
			);
			runOnlyForDeploymentPostprocessing = 0;
		};
		32FB868D2D12755800A624DE /* Frameworks */ = {
			isa = PBXFrameworksBuildPhase;
			buildActionMask = 2147483647;
			files = (
			);
			runOnlyForDeploymentPostprocessing = 0;
		};
		32FB86C52D15C46F00A624DE /* Frameworks */ = {
			isa = PBXFrameworksBuildPhase;
			buildActionMask = 2147483647;
			files = (
				32FB86CD2D15C46F00A624DE /* SwiftUI.framework in Frameworks */,
				32FB86CB2D15C46F00A624DE /* WidgetKit.framework in Frameworks */,
			);
			runOnlyForDeploymentPostprocessing = 0;
		};
/* End PBXFrameworksBuildPhase section */

/* Begin PBXGroup section */
		32FB86872D12755800A624DE = {
			isa = PBXGroup;
			children = (
				32AC63942D17E52D00ECFD8C /* EntryRecordingExtension.entitlements */,
				32FB86922D12755800A624DE /* myheadhurts */,
				32FB86CE2D15C46F00A624DE /* EntryRecording */,
				32AC63FB2D19803800ECFD8C /* myheadhurtswatch Watch App */,
				32FB86C92D15C46F00A624DE /* Frameworks */,
				32FB86912D12755800A624DE /* Products */,
			);
			sourceTree = "<group>";
		};
		32FB86912D12755800A624DE /* Products */ = {
			isa = PBXGroup;
			children = (
				32FB86902D12755800A624DE /* myheadhurts.app */,
				32FB86C82D15C46F00A624DE /* EntryRecordingExtension.appex */,
				32AC63FA2D19803800ECFD8C /* myheadhurtswatch Watch App.app */,
			);
			name = Products;
			sourceTree = "<group>";
		};
		32FB86C92D15C46F00A624DE /* Frameworks */ = {
			isa = PBXGroup;
			children = (
				32FB86CA2D15C46F00A624DE /* WidgetKit.framework */,
				32FB86CC2D15C46F00A624DE /* SwiftUI.framework */,
			);
			name = Frameworks;
			sourceTree = "<group>";
		};
/* End PBXGroup section */

/* Begin PBXNativeTarget section */
		32AC63F92D19803800ECFD8C /* myheadhurtswatch Watch App */ = {
			isa = PBXNativeTarget;
			buildConfigurationList = 32AC640B2D19803900ECFD8C /* Build configuration list for PBXNativeTarget "myheadhurtswatch Watch App" */;
			buildPhases = (
				32AC63F62D19803800ECFD8C /* Sources */,
				32AC63F72D19803800ECFD8C /* Frameworks */,
				32AC63F82D19803800ECFD8C /* Resources */,
			);
			buildRules = (
			);
			dependencies = (
			);
			fileSystemSynchronizedGroups = (
				32AC63FB2D19803800ECFD8C /* myheadhurtswatch Watch App */,
			);
			name = "myheadhurtswatch Watch App";
			packageProductDependencies = (
			);
			productName = "myheadhurtswatch Watch App";
			productReference = 32AC63FA2D19803800ECFD8C /* myheadhurtswatch Watch App.app */;
			productType = "com.apple.product-type.application";
		};
		32FB868F2D12755800A624DE /* myheadhurts */ = {
			isa = PBXNativeTarget;
			buildConfigurationList = 32FB869E2D12755A00A624DE /* Build configuration list for PBXNativeTarget "myheadhurts" */;
			buildPhases = (
				32FB868C2D12755800A624DE /* Sources */,
				32FB868D2D12755800A624DE /* Frameworks */,
				32FB868E2D12755800A624DE /* Resources */,
				32FB86E12D15C47100A624DE /* Embed Foundation Extensions */,
				32AC64072D19803900ECFD8C /* Embed Watch Content */,
			);
			buildRules = (
			);
			dependencies = (
				32FB86DB2D15C47100A624DE /* PBXTargetDependency */,
				32AC64062D19803900ECFD8C /* PBXTargetDependency */,
			);
			fileSystemSynchronizedGroups = (
				32FB86922D12755800A624DE /* myheadhurts */,
			);
			name = myheadhurts;
			packageProductDependencies = (
			);
			productName = myheadhurts;
			productReference = 32FB86902D12755800A624DE /* myheadhurts.app */;
			productType = "com.apple.product-type.application";
		};
		32FB86C72D15C46F00A624DE /* EntryRecordingExtension */ = {
			isa = PBXNativeTarget;
			buildConfigurationList = 32FB86DE2D15C47100A624DE /* Build configuration list for PBXNativeTarget "EntryRecordingExtension" */;
			buildPhases = (
				32FB86C42D15C46F00A624DE /* Sources */,
				32FB86C52D15C46F00A624DE /* Frameworks */,
				32FB86C62D15C46F00A624DE /* Resources */,
			);
			buildRules = (
			);
			dependencies = (
			);
			fileSystemSynchronizedGroups = (
				32FB86CE2D15C46F00A624DE /* EntryRecording */,
			);
			name = EntryRecordingExtension;
			packageProductDependencies = (
			);
			productName = EntryRecordingExtension;
			productReference = 32FB86C82D15C46F00A624DE /* EntryRecordingExtension.appex */;
			productType = "com.apple.product-type.app-extension";
		};
/* End PBXNativeTarget section */

/* Begin PBXProject section */
		32FB86882D12755800A624DE /* Project object */ = {
			isa = PBXProject;
			attributes = {
				BuildIndependentTargetsInParallel = 1;
				LastSwiftUpdateCheck = 1610;
				LastUpgradeCheck = 1610;
				TargetAttributes = {
					32AC63F92D19803800ECFD8C = {
						CreatedOnToolsVersion = 16.1;
					};
					32FB868F2D12755800A624DE = {
						CreatedOnToolsVersion = 16.1;
					};
					32FB86C72D15C46F00A624DE = {
						CreatedOnToolsVersion = 16.1;
					};
				};
			};
			buildConfigurationList = 32FB868B2D12755800A624DE /* Build configuration list for PBXProject "myheadhurts" */;
			developmentRegion = en;
			hasScannedForEncodings = 0;
			knownRegions = (
				en,
				Base,
			);
			mainGroup = 32FB86872D12755800A624DE;
			minimizedProjectReferenceProxies = 1;
			preferredProjectObjectVersion = 77;
			productRefGroup = 32FB86912D12755800A624DE /* Products */;
			projectDirPath = "";
			projectRoot = "";
			targets = (
				32FB868F2D12755800A624DE /* myheadhurts */,
				32FB86C72D15C46F00A624DE /* EntryRecordingExtension */,
				32AC63F92D19803800ECFD8C /* myheadhurtswatch Watch App */,
			);
		};
/* End PBXProject section */

/* Begin PBXResourcesBuildPhase section */
		32AC63F82D19803800ECFD8C /* Resources */ = {
			isa = PBXResourcesBuildPhase;
			buildActionMask = 2147483647;
			files = (
			);
			runOnlyForDeploymentPostprocessing = 0;
		};
		32FB868E2D12755800A624DE /* Resources */ = {
			isa = PBXResourcesBuildPhase;
			buildActionMask = 2147483647;
			files = (
			);
			runOnlyForDeploymentPostprocessing = 0;
		};
		32FB86C62D15C46F00A624DE /* Resources */ = {
			isa = PBXResourcesBuildPhase;
			buildActionMask = 2147483647;
			files = (
			);
			runOnlyForDeploymentPostprocessing = 0;
		};
/* End PBXResourcesBuildPhase section */

/* Begin PBXSourcesBuildPhase section */
		32AC63F62D19803800ECFD8C /* Sources */ = {
			isa = PBXSourcesBuildPhase;
			buildActionMask = 2147483647;
			files = (
			);
			runOnlyForDeploymentPostprocessing = 0;
		};
		32FB868C2D12755800A624DE /* Sources */ = {
			isa = PBXSourcesBuildPhase;
			buildActionMask = 2147483647;
			files = (
			);
			runOnlyForDeploymentPostprocessing = 0;
		};
		32FB86C42D15C46F00A624DE /* Sources */ = {
			isa = PBXSourcesBuildPhase;
			buildActionMask = 2147483647;
			files = (
			);
			runOnlyForDeploymentPostprocessing = 0;
		};
/* End PBXSourcesBuildPhase section */

/* Begin PBXTargetDependency section */
		32AC64062D19803900ECFD8C /* PBXTargetDependency */ = {
			isa = PBXTargetDependency;
			target = 32AC63F92D19803800ECFD8C /* myheadhurtswatch Watch App */;
			targetProxy = 32AC64052D19803900ECFD8C /* PBXContainerItemProxy */;
		};
		32FB86DB2D15C47100A624DE /* PBXTargetDependency */ = {
			isa = PBXTargetDependency;
			target = 32FB86C72D15C46F00A624DE /* EntryRecordingExtension */;
			targetProxy = 32FB86DA2D15C47100A624DE /* PBXContainerItemProxy */;
		};
/* End PBXTargetDependency section */

/* Begin XCBuildConfiguration section */
		32AC64092D19803900ECFD8C /* Debug */ = {
			isa = XCBuildConfiguration;
			buildSettings = {
				ASSETCATALOG_COMPILER_APPICON_NAME = AppIcon;
				ASSETCATALOG_COMPILER_GLOBAL_ACCENT_COLOR_NAME = AccentColor;
				CODE_SIGN_ENTITLEMENTS = "myheadhurtswatch Watch App/myheadhurtswatch Watch App.entitlements";
				CODE_SIGN_STYLE = Automatic;
				CURRENT_PROJECT_VERSION = 5;
				DEVELOPMENT_ASSET_PATHS = "\"myheadhurtswatch Watch App/Preview Content\"";
				DEVELOPMENT_TEAM = 9W63WN9LG4;
				ENABLE_PREVIEWS = YES;
				GENERATE_INFOPLIST_FILE = YES;
				INFOPLIST_FILE = "myheadhurtswatch-Watch-App-Info.plist";
				INFOPLIST_KEY_CFBundleDisplayName = myheadhurts;
				INFOPLIST_KEY_NSHealthShareUsageDescription = "Store headache, nausea, vomiting, light-headedness, dizziness, and collapsed information";
				INFOPLIST_KEY_NSHealthUpdateUsageDescription = "Store headache, nausea, vomiting, light-headedness, dizziness, and collapsed information";
				INFOPLIST_KEY_UISupportedInterfaceOrientations = "UIInterfaceOrientationPortrait UIInterfaceOrientationPortraitUpsideDown";
				INFOPLIST_KEY_WKCompanionAppBundleIdentifier = app.jiachen.myheadhurts;
				LD_RUNPATH_SEARCH_PATHS = (
					"$(inherited)",
					"@executable_path/Frameworks",
				);
				MARKETING_VERSION = 1.0;
				PRODUCT_BUNDLE_IDENTIFIER = app.jiachen.myheadhurts.watchkitapp;
				PRODUCT_NAME = "$(TARGET_NAME)";
				SDKROOT = watchos;
				SKIP_INSTALL = YES;
				SWIFT_EMIT_LOC_STRINGS = YES;
				SWIFT_VERSION = 5.0;
				TARGETED_DEVICE_FAMILY = 4;
				WATCHOS_DEPLOYMENT_TARGET = 11.0;
			};
			name = Debug;
		};
		32AC640A2D19803900ECFD8C /* Release */ = {
			isa = XCBuildConfiguration;
			buildSettings = {
				ASSETCATALOG_COMPILER_APPICON_NAME = AppIcon;
				ASSETCATALOG_COMPILER_GLOBAL_ACCENT_COLOR_NAME = AccentColor;
				CODE_SIGN_ENTITLEMENTS = "myheadhurtswatch Watch App/myheadhurtswatch Watch App.entitlements";
				CODE_SIGN_STYLE = Automatic;
				CURRENT_PROJECT_VERSION = 5;
				DEVELOPMENT_ASSET_PATHS = "\"myheadhurtswatch Watch App/Preview Content\"";
				DEVELOPMENT_TEAM = 9W63WN9LG4;
				ENABLE_PREVIEWS = YES;
				GENERATE_INFOPLIST_FILE = YES;
				INFOPLIST_FILE = "myheadhurtswatch-Watch-App-Info.plist";
				INFOPLIST_KEY_CFBundleDisplayName = myheadhurts;
				INFOPLIST_KEY_NSHealthShareUsageDescription = "Store headache, nausea, vomiting, light-headedness, dizziness, and collapsed information";
				INFOPLIST_KEY_NSHealthUpdateUsageDescription = "Store headache, nausea, vomiting, light-headedness, dizziness, and collapsed information";
				INFOPLIST_KEY_UISupportedInterfaceOrientations = "UIInterfaceOrientationPortrait UIInterfaceOrientationPortraitUpsideDown";
				INFOPLIST_KEY_WKCompanionAppBundleIdentifier = app.jiachen.myheadhurts;
				LD_RUNPATH_SEARCH_PATHS = (
					"$(inherited)",
					"@executable_path/Frameworks",
				);
				MARKETING_VERSION = 1.0;
				PRODUCT_BUNDLE_IDENTIFIER = app.jiachen.myheadhurts.watchkitapp;
				PRODUCT_NAME = "$(TARGET_NAME)";
				SDKROOT = watchos;
				SKIP_INSTALL = YES;
				SWIFT_EMIT_LOC_STRINGS = YES;
				SWIFT_VERSION = 5.0;
				TARGETED_DEVICE_FAMILY = 4;
				WATCHOS_DEPLOYMENT_TARGET = 11.0;
			};
			name = Release;
		};
		32FB869C2D12755A00A624DE /* Debug */ = {
			isa = XCBuildConfiguration;
			buildSettings = {
				ALWAYS_SEARCH_USER_PATHS = NO;
				ASSETCATALOG_COMPILER_GENERATE_SWIFT_ASSET_SYMBOL_EXTENSIONS = YES;
				CLANG_ANALYZER_NONNULL = YES;
				CLANG_ANALYZER_NUMBER_OBJECT_CONVERSION = YES_AGGRESSIVE;
				CLANG_CXX_LANGUAGE_STANDARD = "gnu++20";
				CLANG_ENABLE_MODULES = YES;
				CLANG_ENABLE_OBJC_ARC = YES;
				CLANG_ENABLE_OBJC_WEAK = YES;
				CLANG_WARN_BLOCK_CAPTURE_AUTORELEASING = YES;
				CLANG_WARN_BOOL_CONVERSION = YES;
				CLANG_WARN_COMMA = YES;
				CLANG_WARN_CONSTANT_CONVERSION = YES;
				CLANG_WARN_DEPRECATED_OBJC_IMPLEMENTATIONS = YES;
				CLANG_WARN_DIRECT_OBJC_ISA_USAGE = YES_ERROR;
				CLANG_WARN_DOCUMENTATION_COMMENTS = YES;
				CLANG_WARN_EMPTY_BODY = YES;
				CLANG_WARN_ENUM_CONVERSION = YES;
				CLANG_WARN_INFINITE_RECURSION = YES;
				CLANG_WARN_INT_CONVERSION = YES;
				CLANG_WARN_NON_LITERAL_NULL_CONVERSION = YES;
				CLANG_WARN_OBJC_IMPLICIT_RETAIN_SELF = YES;
				CLANG_WARN_OBJC_LITERAL_CONVERSION = YES;
				CLANG_WARN_OBJC_ROOT_CLASS = YES_ERROR;
				CLANG_WARN_QUOTED_INCLUDE_IN_FRAMEWORK_HEADER = YES;
				CLANG_WARN_RANGE_LOOP_ANALYSIS = YES;
				CLANG_WARN_STRICT_PROTOTYPES = YES;
				CLANG_WARN_SUSPICIOUS_MOVE = YES;
				CLANG_WARN_UNGUARDED_AVAILABILITY = YES_AGGRESSIVE;
				CLANG_WARN_UNREACHABLE_CODE = YES;
				CLANG_WARN__DUPLICATE_METHOD_MATCH = YES;
				COPY_PHASE_STRIP = NO;
				DEBUG_INFORMATION_FORMAT = dwarf;
				ENABLE_STRICT_OBJC_MSGSEND = YES;
				ENABLE_TESTABILITY = YES;
				ENABLE_USER_SCRIPT_SANDBOXING = YES;
				GCC_C_LANGUAGE_STANDARD = gnu17;
				GCC_DYNAMIC_NO_PIC = NO;
				GCC_NO_COMMON_BLOCKS = YES;
				GCC_OPTIMIZATION_LEVEL = 0;
				GCC_PREPROCESSOR_DEFINITIONS = (
					"DEBUG=1",
					"$(inherited)",
				);
				GCC_WARN_64_TO_32_BIT_CONVERSION = YES;
				GCC_WARN_ABOUT_RETURN_TYPE = YES_ERROR;
				GCC_WARN_UNDECLARED_SELECTOR = YES;
				GCC_WARN_UNINITIALIZED_AUTOS = YES_AGGRESSIVE;
				GCC_WARN_UNUSED_FUNCTION = YES;
				GCC_WARN_UNUSED_VARIABLE = YES;
				IPHONEOS_DEPLOYMENT_TARGET = 18.1;
				LOCALIZATION_PREFERS_STRING_CATALOGS = YES;
				MTL_ENABLE_DEBUG_INFO = INCLUDE_SOURCE;
				MTL_FAST_MATH = YES;
				ONLY_ACTIVE_ARCH = YES;
				SDKROOT = iphoneos;
				SWIFT_ACTIVE_COMPILATION_CONDITIONS = "DEBUG $(inherited)";
				SWIFT_OPTIMIZATION_LEVEL = "-Onone";
			};
			name = Debug;
		};
		32FB869D2D12755A00A624DE /* Release */ = {
			isa = XCBuildConfiguration;
			buildSettings = {
				ALWAYS_SEARCH_USER_PATHS = NO;
				ASSETCATALOG_COMPILER_GENERATE_SWIFT_ASSET_SYMBOL_EXTENSIONS = YES;
				CLANG_ANALYZER_NONNULL = YES;
				CLANG_ANALYZER_NUMBER_OBJECT_CONVERSION = YES_AGGRESSIVE;
				CLANG_CXX_LANGUAGE_STANDARD = "gnu++20";
				CLANG_ENABLE_MODULES = YES;
				CLANG_ENABLE_OBJC_ARC = YES;
				CLANG_ENABLE_OBJC_WEAK = YES;
				CLANG_WARN_BLOCK_CAPTURE_AUTORELEASING = YES;
				CLANG_WARN_BOOL_CONVERSION = YES;
				CLANG_WARN_COMMA = YES;
				CLANG_WARN_CONSTANT_CONVERSION = YES;
				CLANG_WARN_DEPRECATED_OBJC_IMPLEMENTATIONS = YES;
				CLANG_WARN_DIRECT_OBJC_ISA_USAGE = YES_ERROR;
				CLANG_WARN_DOCUMENTATION_COMMENTS = YES;
				CLANG_WARN_EMPTY_BODY = YES;
				CLANG_WARN_ENUM_CONVERSION = YES;
				CLANG_WARN_INFINITE_RECURSION = YES;
				CLANG_WARN_INT_CONVERSION = YES;
				CLANG_WARN_NON_LITERAL_NULL_CONVERSION = YES;
				CLANG_WARN_OBJC_IMPLICIT_RETAIN_SELF = YES;
				CLANG_WARN_OBJC_LITERAL_CONVERSION = YES;
				CLANG_WARN_OBJC_ROOT_CLASS = YES_ERROR;
				CLANG_WARN_QUOTED_INCLUDE_IN_FRAMEWORK_HEADER = YES;
				CLANG_WARN_RANGE_LOOP_ANALYSIS = YES;
				CLANG_WARN_STRICT_PROTOTYPES = YES;
				CLANG_WARN_SUSPICIOUS_MOVE = YES;
				CLANG_WARN_UNGUARDED_AVAILABILITY = YES_AGGRESSIVE;
				CLANG_WARN_UNREACHABLE_CODE = YES;
				CLANG_WARN__DUPLICATE_METHOD_MATCH = YES;
				COPY_PHASE_STRIP = NO;
				DEBUG_INFORMATION_FORMAT = "dwarf-with-dsym";
				ENABLE_NS_ASSERTIONS = NO;
				ENABLE_STRICT_OBJC_MSGSEND = YES;
				ENABLE_USER_SCRIPT_SANDBOXING = YES;
				GCC_C_LANGUAGE_STANDARD = gnu17;
				GCC_NO_COMMON_BLOCKS = YES;
				GCC_WARN_64_TO_32_BIT_CONVERSION = YES;
				GCC_WARN_ABOUT_RETURN_TYPE = YES_ERROR;
				GCC_WARN_UNDECLARED_SELECTOR = YES;
				GCC_WARN_UNINITIALIZED_AUTOS = YES_AGGRESSIVE;
				GCC_WARN_UNUSED_FUNCTION = YES;
				GCC_WARN_UNUSED_VARIABLE = YES;
				IPHONEOS_DEPLOYMENT_TARGET = 18.1;
				LOCALIZATION_PREFERS_STRING_CATALOGS = YES;
				MTL_ENABLE_DEBUG_INFO = NO;
				MTL_FAST_MATH = YES;
				SDKROOT = iphoneos;
				SWIFT_COMPILATION_MODE = wholemodule;
				VALIDATE_PRODUCT = YES;
			};
			name = Release;
		};
		32FB869F2D12755A00A624DE /* Debug */ = {
			isa = XCBuildConfiguration;
			buildSettings = {
				ASSETCATALOG_COMPILER_APPICON_NAME = AppIcon;
				ASSETCATALOG_COMPILER_GLOBAL_ACCENT_COLOR_NAME = AccentColor;
				CODE_SIGN_ENTITLEMENTS = myheadhurts/myheadhurts.entitlements;
				CODE_SIGN_STYLE = Automatic;
				CURRENT_PROJECT_VERSION = 5;
				DEVELOPMENT_ASSET_PATHS = "\"myheadhurts/Preview Content\"";
				DEVELOPMENT_TEAM = 9W63WN9LG4;
				ENABLE_PREVIEWS = YES;
				GENERATE_INFOPLIST_FILE = YES;
				INFOPLIST_FILE = myheadhurts/Info.plist;
				INFOPLIST_KEY_CFBundleDisplayName = "my head hurts";
				INFOPLIST_KEY_NSHealthShareUsageDescription = "Store headache, nausea, vomiting, light-headedness, dizziness, and collapsed information";
				INFOPLIST_KEY_NSHealthUpdateUsageDescription = "Store headache, nausea, vomiting, light-headedness, dizziness, and collapsed information";
				INFOPLIST_KEY_UIApplicationSceneManifest_Generation = YES;
				INFOPLIST_KEY_UIApplicationSupportsIndirectInputEvents = YES;
				INFOPLIST_KEY_UILaunchScreen_Generation = YES;
				INFOPLIST_KEY_UISupportedInterfaceOrientations_iPad = "UIInterfaceOrientationPortrait UIInterfaceOrientationPortraitUpsideDown UIInterfaceOrientationLandscapeLeft UIInterfaceOrientationLandscapeRight";
				INFOPLIST_KEY_UISupportedInterfaceOrientations_iPhone = "UIInterfaceOrientationPortrait UIInterfaceOrientationLandscapeLeft UIInterfaceOrientationLandscapeRight";
				LD_RUNPATH_SEARCH_PATHS = (
					"$(inherited)",
					"@executable_path/Frameworks",
				);
				MARKETING_VERSION = 1.0;
				PRODUCT_BUNDLE_IDENTIFIER = app.jiachen.myheadhurts;
				PRODUCT_NAME = "$(TARGET_NAME)";
				SUPPORTED_PLATFORMS = "iphoneos iphonesimulator";
				SUPPORTS_MACCATALYST = NO;
				SWIFT_EMIT_LOC_STRINGS = YES;
				SWIFT_VERSION = 5.0;
				TARGETED_DEVICE_FAMILY = 1;
			};
			name = Debug;
		};
		32FB86A02D12755A00A624DE /* Release */ = {
			isa = XCBuildConfiguration;
			buildSettings = {
				ASSETCATALOG_COMPILER_APPICON_NAME = AppIcon;
				ASSETCATALOG_COMPILER_GLOBAL_ACCENT_COLOR_NAME = AccentColor;
				CODE_SIGN_ENTITLEMENTS = myheadhurts/myheadhurts.entitlements;
				CODE_SIGN_STYLE = Automatic;
				CURRENT_PROJECT_VERSION = 5;
				DEVELOPMENT_ASSET_PATHS = "\"myheadhurts/Preview Content\"";
				DEVELOPMENT_TEAM = 9W63WN9LG4;
				ENABLE_PREVIEWS = YES;
				GENERATE_INFOPLIST_FILE = YES;
				INFOPLIST_FILE = myheadhurts/Info.plist;
				INFOPLIST_KEY_CFBundleDisplayName = "my head hurts";
				INFOPLIST_KEY_NSHealthShareUsageDescription = "Store headache, nausea, vomiting, light-headedness, dizziness, and collapsed information";
				INFOPLIST_KEY_NSHealthUpdateUsageDescription = "Store headache, nausea, vomiting, light-headedness, dizziness, and collapsed information";
				INFOPLIST_KEY_UIApplicationSceneManifest_Generation = YES;
				INFOPLIST_KEY_UIApplicationSupportsIndirectInputEvents = YES;
				INFOPLIST_KEY_UILaunchScreen_Generation = YES;
				INFOPLIST_KEY_UISupportedInterfaceOrientations_iPad = "UIInterfaceOrientationPortrait UIInterfaceOrientationPortraitUpsideDown UIInterfaceOrientationLandscapeLeft UIInterfaceOrientationLandscapeRight";
				INFOPLIST_KEY_UISupportedInterfaceOrientations_iPhone = "UIInterfaceOrientationPortrait UIInterfaceOrientationLandscapeLeft UIInterfaceOrientationLandscapeRight";
				LD_RUNPATH_SEARCH_PATHS = (
					"$(inherited)",
					"@executable_path/Frameworks",
				);
				MARKETING_VERSION = 1.0;
				PRODUCT_BUNDLE_IDENTIFIER = app.jiachen.myheadhurts;
				PRODUCT_NAME = "$(TARGET_NAME)";
				SUPPORTED_PLATFORMS = "iphoneos iphonesimulator";
				SUPPORTS_MACCATALYST = NO;
				SWIFT_EMIT_LOC_STRINGS = YES;
				SWIFT_VERSION = 5.0;
				TARGETED_DEVICE_FAMILY = 1;
			};
			name = Release;
		};
		32FB86DF2D15C47100A624DE /* Debug */ = {
			isa = XCBuildConfiguration;
			buildSettings = {
				ASSETCATALOG_COMPILER_GLOBAL_ACCENT_COLOR_NAME = AccentColor;
				ASSETCATALOG_COMPILER_WIDGET_BACKGROUND_COLOR_NAME = WidgetBackground;
				CODE_SIGN_ENTITLEMENTS = EntryRecordingExtension.entitlements;
				CODE_SIGN_STYLE = Automatic;
				CURRENT_PROJECT_VERSION = 5;
				DEVELOPMENT_TEAM = 9W63WN9LG4;
				GENERATE_INFOPLIST_FILE = YES;
				INFOPLIST_FILE = EntryRecording/Info.plist;
				INFOPLIST_KEY_CFBundleDisplayName = EntryRecording;
				INFOPLIST_KEY_NSHumanReadableCopyright = "";
				IPHONEOS_DEPLOYMENT_TARGET = 18.0;
				LD_RUNPATH_SEARCH_PATHS = (
					"$(inherited)",
					"@executable_path/Frameworks",
					"@executable_path/../../Frameworks",
				);
				MARKETING_VERSION = 1.0;
				PRODUCT_BUNDLE_IDENTIFIER = app.jiachen.myheadhurts.EntryRecording;
				PRODUCT_NAME = "$(TARGET_NAME)";
				SKIP_INSTALL = YES;
				SUPPORTED_PLATFORMS = "iphoneos iphonesimulator";
				SUPPORTS_MACCATALYST = NO;
				SWIFT_EMIT_LOC_STRINGS = YES;
				SWIFT_VERSION = 5.0;
				TARGETED_DEVICE_FAMILY = 1;
			};
			name = Debug;
		};
		32FB86E02D15C47100A624DE /* Release */ = {
			isa = XCBuildConfiguration;
			buildSettings = {
				ASSETCATALOG_COMPILER_GLOBAL_ACCENT_COLOR_NAME = AccentColor;
				ASSETCATALOG_COMPILER_WIDGET_BACKGROUND_COLOR_NAME = WidgetBackground;
				CODE_SIGN_ENTITLEMENTS = EntryRecordingExtension.entitlements;
				CODE_SIGN_STYLE = Automatic;
				CURRENT_PROJECT_VERSION = 5;
				DEVELOPMENT_TEAM = 9W63WN9LG4;
				GENERATE_INFOPLIST_FILE = YES;
				INFOPLIST_FILE = EntryRecording/Info.plist;
				INFOPLIST_KEY_CFBundleDisplayName = EntryRecording;
				INFOPLIST_KEY_NSHumanReadableCopyright = "";
				IPHONEOS_DEPLOYMENT_TARGET = 18.0;
				LD_RUNPATH_SEARCH_PATHS = (
					"$(inherited)",
					"@executable_path/Frameworks",
					"@executable_path/../../Frameworks",
				);
				MARKETING_VERSION = 1.0;
				PRODUCT_BUNDLE_IDENTIFIER = app.jiachen.myheadhurts.EntryRecording;
				PRODUCT_NAME = "$(TARGET_NAME)";
				SKIP_INSTALL = YES;
				SUPPORTED_PLATFORMS = "iphoneos iphonesimulator";
				SUPPORTS_MACCATALYST = NO;
				SWIFT_EMIT_LOC_STRINGS = YES;
				SWIFT_VERSION = 5.0;
				TARGETED_DEVICE_FAMILY = 1;
			};
			name = Release;
		};
/* End XCBuildConfiguration section */

/* Begin XCConfigurationList section */
		32AC640B2D19803900ECFD8C /* Build configuration list for PBXNativeTarget "myheadhurtswatch Watch App" */ = {
			isa = XCConfigurationList;
			buildConfigurations = (
				32AC64092D19803900ECFD8C /* Debug */,
				32AC640A2D19803900ECFD8C /* Release */,
			);
			defaultConfigurationIsVisible = 0;
			defaultConfigurationName = Release;
		};
		32FB868B2D12755800A624DE /* Build configuration list for PBXProject "myheadhurts" */ = {
			isa = XCConfigurationList;
			buildConfigurations = (
				32FB869C2D12755A00A624DE /* Debug */,
				32FB869D2D12755A00A624DE /* Release */,
			);
			defaultConfigurationIsVisible = 0;
			defaultConfigurationName = Release;
		};
		32FB869E2D12755A00A624DE /* Build configuration list for PBXNativeTarget "myheadhurts" */ = {
			isa = XCConfigurationList;
			buildConfigurations = (
				32FB869F2D12755A00A624DE /* Debug */,
				32FB86A02D12755A00A624DE /* Release */,
			);
			defaultConfigurationIsVisible = 0;
			defaultConfigurationName = Release;
		};
		32FB86DE2D15C47100A624DE /* Build configuration list for PBXNativeTarget "EntryRecordingExtension" */ = {
			isa = XCConfigurationList;
			buildConfigurations = (
				32FB86DF2D15C47100A624DE /* Debug */,
				32FB86E02D15C47100A624DE /* Release */,
			);
			defaultConfigurationIsVisible = 0;
			defaultConfigurationName = Release;
		};
/* End XCConfigurationList section */
	};
	rootObject = 32FB86882D12755800A624DE /* Project object */;
}
